{
  "version": 4,
  "terraform_version": "1.0.8",
  "serial": 404,
  "lineage": "e5663617-0e7a-ec40-91e4-6e4a36f880e5",
  "outputs": {
    "cloudfront_ssl_arn": {
      "value": "arn:aws:acm:us-east-1:480391725083:certificate/772e8d2e-38ed-42e6-87ad-0facd4c5a666",
      "type": "string"
    },
    "codebuild_package_etag": {
      "value": "5a8bda34899097316fd956643fcc340d",
      "type": "string"
    },
    "codebuild_project_name": {
      "value": "raffaelesollecitowebsite-serverless-wordpress-docker-build",
      "type": "string"
    },
    "wordpress_ecr_repository": {
      "value": "raffaelesollecitowebsite-serverless-wordpress",
      "type": "string"
    }
  },
  "resources": [
    {
      "mode": "data",
      "type": "aws_caller_identity",
      "name": "current",
      "provider": "provider[\"registry.terraform.io/hashicorp/aws\"]",
      "instances": [
        {
          "schema_version": 0,
          "attributes": {
            "account_id": "480391725083",
            "arn": "arn:aws:iam::480391725083:user/raffasolaries",
            "id": "480391725083",
            "user_id": "AIDAW7WMUAAN2IADRAQ44"
          },
          "sensitive_attributes": []
        }
      ]
    },
    {
      "mode": "data",
      "type": "aws_iam_policy_document",
      "name": "ecs_assume_role_policy",
      "provider": "provider[\"registry.terraform.io/hashicorp/aws\"]",
      "instances": [
        {
          "schema_version": 0,
          "attributes": {
            "id": "252836154",
            "json": "{\n  \"Version\": \"2012-10-17\",\n  \"Statement\": [\n    {\n      \"Sid\": \"\",\n      \"Effect\": \"Allow\",\n      \"Action\": \"sts:AssumeRole\",\n      \"Principal\": {\n        \"Service\": [\n          \"ecs.amazonaws.com\",\n          \"ecs-tasks.amazonaws.com\"\n        ]\n      }\n    }\n  ]\n}",
            "override_json": null,
            "override_policy_documents": null,
            "policy_id": null,
            "source_json": null,
            "source_policy_documents": null,
            "statement": [
              {
                "actions": [
                  "sts:AssumeRole"
                ],
                "condition": [],
                "effect": "Allow",
                "not_actions": [],
                "not_principals": [],
                "not_resources": [],
                "principals": [
                  {
                    "identifiers": [
                      "ecs-tasks.amazonaws.com",
                      "ecs.amazonaws.com"
                    ],
                    "type": "Service"
                  }
                ],
                "resources": [],
                "sid": ""
              }
            ],
            "version": "2012-10-17"
          },
          "sensitive_attributes": []
        }
      ]
    },
    {
      "mode": "data",
      "type": "aws_iam_policy_document",
      "name": "wordpress_bucket_access",
      "provider": "provider[\"registry.terraform.io/hashicorp/aws\"]",
      "instances": [
        {
          "schema_version": 0,
          "attributes": {
            "id": "2746401144",
            "json": "{\n  \"Version\": \"2012-10-17\",\n  \"Statement\": [\n    {\n      \"Sid\": \"\",\n      \"Effect\": \"Allow\",\n      \"Action\": \"s3:ListBucket\",\n      \"Resource\": \"arn:aws:s3:::www.raffaelesollecito.it\"\n    },\n    {\n      \"Sid\": \"\",\n      \"Effect\": \"Allow\",\n      \"Action\": [\n        \"s3:PutObject\",\n        \"s3:GetObject\",\n        \"s3:DeleteObject\"\n      ],\n      \"Resource\": \"arn:aws:s3:::www.raffaelesollecito.it/*\"\n    },\n    {\n      \"Sid\": \"\",\n      \"Effect\": \"Allow\",\n      \"Action\": \"ec2:DescribeNetworkInterfaces\",\n      \"Resource\": \"*\"\n    },\n    {\n      \"Sid\": \"\",\n      \"Effect\": \"Allow\",\n      \"Action\": \"route53:ChangeResourceRecordSets\",\n      \"Resource\": \"arn:aws:route53:::hostedzone/Z00582702KHBK8CRMY8OK\"\n    }\n  ]\n}",
            "override_json": null,
            "override_policy_documents": null,
            "policy_id": null,
            "source_json": null,
            "source_policy_documents": null,
            "statement": [
              {
                "actions": [
                  "s3:ListBucket"
                ],
                "condition": [],
                "effect": "Allow",
                "not_actions": [],
                "not_principals": [],
                "not_resources": [],
                "principals": [],
                "resources": [
                  "arn:aws:s3:::www.raffaelesollecito.it"
                ],
                "sid": ""
              },
              {
                "actions": [
                  "s3:DeleteObject",
                  "s3:GetObject",
                  "s3:PutObject"
                ],
                "condition": [],
                "effect": "Allow",
                "not_actions": [],
                "not_principals": [],
                "not_resources": [],
                "principals": [],
                "resources": [
                  "arn:aws:s3:::www.raffaelesollecito.it/*"
                ],
                "sid": ""
              },
              {
                "actions": [
                  "ec2:DescribeNetworkInterfaces"
                ],
                "condition": [],
                "effect": "Allow",
                "not_actions": [],
                "not_principals": [],
                "not_resources": [],
                "principals": [],
                "resources": [
                  "*"
                ],
                "sid": ""
              },
              {
                "actions": [
                  "route53:ChangeResourceRecordSets"
                ],
                "condition": [],
                "effect": "Allow",
                "not_actions": [],
                "not_principals": [],
                "not_resources": [],
                "principals": [],
                "resources": [
                  "arn:aws:route53:::hostedzone/Z00582702KHBK8CRMY8OK"
                ],
                "sid": ""
              }
            ],
            "version": "2012-10-17"
          },
          "sensitive_attributes": []
        }
      ]
    },
    {
      "mode": "managed",
      "type": "aws_acm_certificate",
      "name": "wordpress_site",
      "provider": "provider[\"registry.terraform.io/hashicorp/aws\"].ue1",
      "instances": [
        {
          "schema_version": 0,
          "attributes": {
            "arn": "arn:aws:acm:us-east-1:480391725083:certificate/772e8d2e-38ed-42e6-87ad-0facd4c5a666",
            "certificate_authority_arn": "",
            "certificate_body": null,
            "certificate_chain": null,
            "domain_name": "raffaelesollecito.it",
            "domain_validation_options": [
              {
                "domain_name": "raffaelesollecito.it",
                "resource_record_name": "_9881b5e134ad8c7b0afe82cd5c391c1f.raffaelesollecito.it.",
                "resource_record_type": "CNAME",
                "resource_record_value": "_6587fe121bbfb2a61ecbeeed886021a1.hnyhpvdqhv.acm-validations.aws."
              },
              {
                "domain_name": "www.raffaelesollecito.it",
                "resource_record_name": "_6fbd4684ec50d733630c4b196ff48c05.www.raffaelesollecito.it.",
                "resource_record_type": "CNAME",
                "resource_record_value": "_b1da983cccc717fc2ed2a1641349704b.hnyhpvdqhv.acm-validations.aws."
              }
            ],
            "id": "arn:aws:acm:us-east-1:480391725083:certificate/772e8d2e-38ed-42e6-87ad-0facd4c5a666",
            "options": [
              {
                "certificate_transparency_logging_preference": "ENABLED"
              }
            ],
            "private_key": null,
            "status": "ISSUED",
            "subject_alternative_names": [
              "www.raffaelesollecito.it"
            ],
            "tags": {},
            "tags_all": {},
            "validation_emails": [],
            "validation_method": "DNS"
          },
          "sensitive_attributes": [],
          "private": "bnVsbA==",
          "create_before_destroy": true
        }
      ]
    },
    {
      "mode": "managed",
      "type": "aws_acm_certificate_validation",
      "name": "wordpress_site",
      "provider": "provider[\"registry.terraform.io/hashicorp/aws\"].ue1",
      "instances": [
        {
          "schema_version": 0,
          "attributes": {
            "certificate_arn": "arn:aws:acm:us-east-1:480391725083:certificate/772e8d2e-38ed-42e6-87ad-0facd4c5a666",
            "id": "2022-06-15 12:58:11.912 +0000 UTC",
            "timeouts": null,
            "validation_record_fqdns": [
              "_6fbd4684ec50d733630c4b196ff48c05.www.raffaelesollecito.it",
              "_9881b5e134ad8c7b0afe82cd5c391c1f.raffaelesollecito.it"
            ]
          },
          "sensitive_attributes": [],
          "private": "eyJlMmJmYjczMC1lY2FhLTExZTYtOGY4OC0zNDM2M2JjN2M0YzAiOnsiY3JlYXRlIjoyNzAwMDAwMDAwMDAwfX0=",
          "dependencies": [
            "aws_acm_certificate.wordpress_site",
            "aws_route53_record.wordpress_acm_validation"
          ]
        }
      ]
    },
    {
      "mode": "managed",
      "type": "aws_cloudwatch_log_group",
      "name": "serverless_wordpress",
      "provider": "provider[\"registry.terraform.io/hashicorp/aws\"]",
      "instances": [
        {
          "schema_version": 0,
          "attributes": {
            "arn": "arn:aws:logs:eu-west-1:480391725083:log-group:/aws/rds/cluster/raffaelesollecitowebsite-serverless-wordpress/error",
            "id": "/aws/rds/cluster/raffaelesollecitowebsite-serverless-wordpress/error",
            "kms_key_id": "",
            "name": "/aws/rds/cluster/raffaelesollecitowebsite-serverless-wordpress/error",
            "name_prefix": null,
            "retention_in_days": 7,
            "tags": {},
            "tags_all": {}
          },
          "sensitive_attributes": [],
          "private": "bnVsbA=="
        }
      ]
    },
    {
      "mode": "managed",
      "type": "aws_cloudwatch_log_group",
      "name": "wordpress_container",
      "provider": "provider[\"registry.terraform.io/hashicorp/aws\"]",
      "instances": [
        {
          "schema_version": 0,
          "attributes": {
            "arn": "arn:aws:logs:eu-west-1:480391725083:log-group:/aws/ecs/raffaelesollecitowebsite-serverless-wordpress-container",
            "id": "/aws/ecs/raffaelesollecitowebsite-serverless-wordpress-container",
            "kms_key_id": "",
            "name": "/aws/ecs/raffaelesollecitowebsite-serverless-wordpress-container",
            "name_prefix": null,
            "retention_in_days": 7,
            "tags": {},
            "tags_all": {}
          },
          "sensitive_attributes": [],
          "private": "bnVsbA=="
        }
      ]
    },
    {
      "mode": "managed",
      "type": "aws_db_subnet_group",
      "name": "main_vpc",
      "provider": "provider[\"registry.terraform.io/hashicorp/aws\"]",
      "instances": [
        {
          "schema_version": 0,
          "attributes": {
            "arn": "arn:aws:rds:eu-west-1:480391725083:subgrp:raffaelesollecitowebsite_main",
            "description": "Managed by Terraform",
            "id": "raffaelesollecitowebsite_main",
            "name": "raffaelesollecitowebsite_main",
            "name_prefix": null,
            "subnet_ids": [
              "subnet-0320df5f6f9d42f51",
              "subnet-045e9f909dd52741c",
              "subnet-06e618cd499fe7f55"
            ],
            "tags": {
              "Name": "raffaelesollecito.it Subnet group for main VPC"
            },
            "tags_all": {
              "Name": "raffaelesollecito.it Subnet group for main VPC"
            }
          },
          "sensitive_attributes": [],
          "private": "bnVsbA=="
        }
      ]
    },
    {
      "mode": "managed",
      "type": "aws_ecr_repository",
      "name": "serverless_wordpress",
      "provider": "provider[\"registry.terraform.io/hashicorp/aws\"]",
      "instances": [
        {
          "schema_version": 0,
          "attributes": {
            "arn": "arn:aws:ecr:eu-west-1:480391725083:repository/raffaelesollecitowebsite-serverless-wordpress",
            "encryption_configuration": [
              {
                "encryption_type": "AES256",
                "kms_key": ""
              }
            ],
            "id": "raffaelesollecitowebsite-serverless-wordpress",
            "image_scanning_configuration": [
              {
                "scan_on_push": false
              }
            ],
            "image_tag_mutability": "MUTABLE",
            "name": "raffaelesollecitowebsite-serverless-wordpress",
            "registry_id": "480391725083",
            "repository_url": "480391725083.dkr.ecr.eu-west-1.amazonaws.com/raffaelesollecitowebsite-serverless-wordpress",
            "tags": {},
            "tags_all": {},
            "timeouts": null
          },
          "sensitive_attributes": [],
          "private": "eyJlMmJmYjczMC1lY2FhLTExZTYtOGY4OC0zNDM2M2JjN2M0YzAiOnsiZGVsZXRlIjoxMjAwMDAwMDAwMDAwfX0="
        }
      ]
    },
    {
      "mode": "managed",
      "type": "aws_ecs_cluster",
      "name": "wordpress_cluster",
      "provider": "provider[\"registry.terraform.io/hashicorp/aws\"]",
      "instances": [
        {
          "schema_version": 0,
          "attributes": {
            "arn": "arn:aws:ecs:eu-west-1:480391725083:cluster/raffaelesollecitowebsite_wordpress",
            "capacity_providers": [
              "FARGATE_SPOT"
            ],
            "configuration": [],
            "default_capacity_provider_strategy": [
              {
                "base": 1,
                "capacity_provider": "FARGATE_SPOT",
                "weight": 100
              }
            ],
            "id": "arn:aws:ecs:eu-west-1:480391725083:cluster/raffaelesollecitowebsite_wordpress",
            "name": "raffaelesollecitowebsite_wordpress",
            "setting": [
              {
                "name": "containerInsights",
                "value": "disabled"
              }
            ],
            "tags": {},
            "tags_all": {}
          },
          "sensitive_attributes": [],
          "private": "bnVsbA=="
        }
      ]
    },
    {
      "mode": "managed",
      "type": "aws_ecs_service",
      "name": "wordpress_service",
      "provider": "provider[\"registry.terraform.io/hashicorp/aws\"]",
      "instances": [
        {
          "schema_version": 0,
          "attributes": {
            "capacity_provider_strategy": [
              {
                "base": 1,
                "capacity_provider": "FARGATE_SPOT",
                "weight": 100
              }
            ],
            "cluster": "arn:aws:ecs:eu-west-1:480391725083:cluster/raffaelesollecitowebsite_wordpress",
            "deployment_circuit_breaker": [
              {
                "enable": false,
                "rollback": false
              }
            ],
            "deployment_controller": [
              {
                "type": "ECS"
              }
            ],
            "deployment_maximum_percent": 200,
            "deployment_minimum_healthy_percent": 100,
            "desired_count": 0,
            "enable_ecs_managed_tags": false,
            "enable_execute_command": false,
            "force_new_deployment": null,
            "health_check_grace_period_seconds": 0,
            "iam_role": "aws-service-role",
            "id": "arn:aws:ecs:eu-west-1:480391725083:service/raffaelesollecitowebsite_wordpress/raffaelesollecitowebsite_wordpress",
            "launch_type": "",
            "load_balancer": [],
            "name": "raffaelesollecitowebsite_wordpress",
            "network_configuration": [
              {
                "assign_public_ip": true,
                "security_groups": [
                  "sg-03406daa1e535ce6b"
                ],
                "subnets": [
                  "subnet-0320df5f6f9d42f51",
                  "subnet-045e9f909dd52741c",
                  "subnet-06e618cd499fe7f55"
                ]
              }
            ],
            "ordered_placement_strategy": [],
            "placement_constraints": [],
            "platform_version": "1.4.0",
            "propagate_tags": "SERVICE",
            "scheduling_strategy": "REPLICA",
            "service_registries": [],
            "tags": {},
            "tags_all": {},
            "task_definition": "raffaelesollecitowebsite_wordpress:9",
            "timeouts": null,
            "wait_for_steady_state": false
          },
          "sensitive_attributes": [],
          "private": "eyJlMmJmYjczMC1lY2FhLTExZTYtOGY4OC0zNDM2M2JjN2M0YzAiOnsiZGVsZXRlIjoxMjAwMDAwMDAwMDAwfX0=",
          "dependencies": [
            "aws_ecs_cluster.wordpress_cluster",
            "aws_ecs_task_definition.wordpress_container",
            "aws_security_group.wordpress_security_group"
          ]
        }
      ]
    },
    {
      "mode": "managed",
      "type": "aws_ecs_task_definition",
      "name": "wordpress_container",
      "provider": "provider[\"registry.terraform.io/hashicorp/aws\"]",
      "instances": [
        {
          "schema_version": 1,
          "attributes": {
            "arn": "arn:aws:ecs:eu-west-1:480391725083:task-definition/raffaelesollecitowebsite_wordpress:9",
            "container_definitions": "[{\"cpu\":256,\"environment\":[{\"name\":\"CONTAINER_DNS\",\"value\":\"wordpress.raffaelesollecito.it\"},{\"name\":\"CONTAINER_DNS_ZONE\",\"value\":\"Z00582702KHBK8CRMY8OK\"},{\"name\":\"ECS_ENABLE_CONTAINER_METADATA\",\"value\":\"true\"},{\"name\":\"WORDPRESS_ADMIN_EMAIL\",\"value\":\"admin@example.com\"},{\"name\":\"WORDPRESS_ADMIN_PASSWORD\",\"value\":\"techtospeech.com\"},{\"name\":\"WORDPRESS_ADMIN_USER\",\"value\":\"supervisor\"},{\"name\":\"WORDPRESS_DB_HOST\",\"value\":\"raffaelesollecitowebsite-serverless-wordpress.cluster-c7bcrlikhhvy.eu-west-1.rds.amazonaws.com\"},{\"name\":\"WORDPRESS_DB_NAME\",\"value\":\"wordpress\"},{\"name\":\"WORDPRESS_DB_PASSWORD\",\"value\":\"_!B4W6DUfvY36mxA\"},{\"name\":\"WORDPRESS_DB_USER\",\"value\":\"wp_master\"},{\"name\":\"WPSTATIC_BUCKET\",\"value\":\"www.raffaelesollecito.it\"},{\"name\":\"WPSTATIC_DEST\",\"value\":\"https://www.raffaelesollecito.it\"},{\"name\":\"WPSTATIC_REGION\",\"value\":\"eu-west-1\"}],\"essential\":true,\"image\":\"480391725083.dkr.ecr.eu-west-1.amazonaws.com/raffaelesollecitowebsite-serverless-wordpress:latest\",\"logConfiguration\":{\"logDriver\":\"awslogs\",\"options\":{\"awslogs-group\":\"/aws/ecs/raffaelesollecitowebsite-serverless-wordpress-container\",\"awslogs-region\":\"eu-west-1\",\"awslogs-stream-prefix\":\"ecs\"}},\"memory\":512,\"mountPoints\":[{\"containerPath\":\"/var/www/html\",\"readOnly\":false,\"sourceVolume\":\"raffaelesollecitowebsite_wordpress_persistent\"}],\"name\":\"wordpress\",\"portMappings\":[{\"containerPort\":80,\"hostPort\":80,\"protocol\":\"tcp\"}],\"volumesFrom\":[]}]",
            "cpu": "256",
            "ephemeral_storage": [],
            "execution_role_arn": "arn:aws:iam::480391725083:role/raffaelesollecitowebsite_WordpressTaskRole",
            "family": "raffaelesollecitowebsite_wordpress",
            "id": "raffaelesollecitowebsite_wordpress",
            "inference_accelerator": [],
            "ipc_mode": "",
            "memory": "512",
            "network_mode": "awsvpc",
            "pid_mode": "",
            "placement_constraints": [],
            "proxy_configuration": [],
            "requires_compatibilities": [
              "FARGATE"
            ],
            "revision": 9,
            "runtime_platform": [],
            "skip_destroy": false,
            "tags": {
              "Name": "raffaelesollecitowebsite_WordpressECS"
            },
            "tags_all": {
              "Name": "raffaelesollecitowebsite_WordpressECS"
            },
            "task_role_arn": "arn:aws:iam::480391725083:role/raffaelesollecitowebsite_WordpressTaskRole",
            "volume": [
              {
                "docker_volume_configuration": [],
                "efs_volume_configuration": [
                  {
                    "authorization_config": [
                      {
                        "access_point_id": "fsap-0f7a6029f3b383ef8",
                        "iam": ""
                      }
                    ],
                    "file_system_id": "fs-0742c14c49bff3c8e",
                    "root_directory": "/",
                    "transit_encryption": "ENABLED",
                    "transit_encryption_port": 0
                  }
                ],
                "fsx_windows_file_server_volume_configuration": [],
                "host_path": "",
                "name": "raffaelesollecitowebsite_wordpress_persistent"
              }
            ]
          },
          "sensitive_attributes": [
            [
              {
                "type": "get_attr",
                "value": "container_definitions"
              }
            ]
          ],
          "private": "eyJzY2hlbWFfdmVyc2lvbiI6IjEifQ==",
          "dependencies": [
            "aws_acm_certificate_validation.wordpress_site",
            "aws_efs_file_system.wordpress_persistent",
            "aws_iam_role.wordpress_task",
            "aws_route53_record.wordpress_acm_validation",
            "aws_cloudwatch_log_group.serverless_wordpress",
            "module.cloudfront.aws_s3_bucket.wordpress_bucket",
            "random_password.serverless_wordpress_password",
            "aws_db_subnet_group.main_vpc",
            "aws_ecr_repository.serverless_wordpress",
            "module.waf.aws_wafv2_web_acl.default",
            "aws_acm_certificate.wordpress_site",
            "aws_efs_access_point.wordpress_efs",
            "aws_rds_cluster.serverless_wordpress",
            "aws_security_group.aurora_serverless_group",
            "data.aws_iam_policy_document.ecs_assume_role_policy",
            "random_id.rds_snapshot"
          ]
        }
      ]
    },
    {
      "mode": "managed",
      "type": "aws_efs_access_point",
      "name": "wordpress_efs",
      "provider": "provider[\"registry.terraform.io/hashicorp/aws\"]",
      "instances": [
        {
          "schema_version": 0,
          "attributes": {
            "arn": "arn:aws:elasticfilesystem:eu-west-1:480391725083:access-point/fsap-0f7a6029f3b383ef8",
            "file_system_arn": "arn:aws:elasticfilesystem:eu-west-1:480391725083:file-system/fs-0742c14c49bff3c8e",
            "file_system_id": "fs-0742c14c49bff3c8e",
            "id": "fsap-0f7a6029f3b383ef8",
            "owner_id": "480391725083",
            "posix_user": [],
            "root_directory": [
              {
                "creation_info": [],
                "path": "/"
              }
            ],
            "tags": {},
            "tags_all": {}
          },
          "sensitive_attributes": [],
          "private": "bnVsbA==",
          "dependencies": [
            "aws_efs_file_system.wordpress_persistent"
          ]
        }
      ]
    },
    {
      "mode": "managed",
      "type": "aws_efs_file_system",
      "name": "wordpress_persistent",
      "provider": "provider[\"registry.terraform.io/hashicorp/aws\"]",
      "instances": [
        {
          "schema_version": 0,
          "attributes": {
            "arn": "arn:aws:elasticfilesystem:eu-west-1:480391725083:file-system/fs-0742c14c49bff3c8e",
            "availability_zone_id": "",
            "availability_zone_name": "",
            "creation_token": "terraform-20220615125748622400000001",
            "dns_name": "fs-0742c14c49bff3c8e.efs.eu-west-1.amazonaws.com",
            "encrypted": true,
            "id": "fs-0742c14c49bff3c8e",
            "kms_key_id": "arn:aws:kms:eu-west-1:480391725083:key/e98a6367-924c-46ae-94c3-7a3ba0f907f8",
            "lifecycle_policy": [
              {
                "transition_to_ia": "AFTER_7_DAYS",
                "transition_to_primary_storage_class": ""
              }
            ],
            "number_of_mount_targets": 3,
            "owner_id": "480391725083",
            "performance_mode": "generalPurpose",
            "provisioned_throughput_in_mibps": 0,
            "size_in_bytes": [
              {
                "value": 6144,
                "value_in_ia": 0,
                "value_in_standard": 6144
              }
            ],
            "tags": {
              "Name": "raffaelesollecitowebsite_wordpress_persistent"
            },
            "tags_all": {
              "Name": "raffaelesollecitowebsite_wordpress_persistent"
            },
            "throughput_mode": "bursting"
          },
          "sensitive_attributes": [],
          "private": "bnVsbA=="
        }
      ]
    },
    {
      "mode": "managed",
      "type": "aws_efs_mount_target",
      "name": "wordpress_efs",
      "provider": "provider[\"registry.terraform.io/hashicorp/aws\"]",
      "instances": [
        {
          "index_key": "subnet-0320df5f6f9d42f51",
          "schema_version": 0,
          "attributes": {
            "availability_zone_id": "euw1-az3",
            "availability_zone_name": "eu-west-1c",
            "dns_name": "fs-0742c14c49bff3c8e.efs.eu-west-1.amazonaws.com",
            "file_system_arn": "arn:aws:elasticfilesystem:eu-west-1:480391725083:file-system/fs-0742c14c49bff3c8e",
            "file_system_id": "fs-0742c14c49bff3c8e",
            "id": "fsmt-047406328fdf2386c",
            "ip_address": "10.0.47.157",
            "mount_target_dns_name": "eu-west-1c.fs-0742c14c49bff3c8e.efs.eu-west-1.amazonaws.com",
            "network_interface_id": "eni-040012edaa77d5978",
            "owner_id": "480391725083",
            "security_groups": [
              "sg-0267e429d467a0587"
            ],
            "subnet_id": "subnet-0320df5f6f9d42f51"
          },
          "sensitive_attributes": [],
          "private": "bnVsbA==",
          "dependencies": [
            "aws_efs_file_system.wordpress_persistent",
            "aws_security_group.efs_security_group"
          ]
        },
        {
          "index_key": "subnet-045e9f909dd52741c",
          "schema_version": 0,
          "attributes": {
            "availability_zone_id": "euw1-az2",
            "availability_zone_name": "eu-west-1b",
            "dns_name": "fs-0742c14c49bff3c8e.efs.eu-west-1.amazonaws.com",
            "file_system_arn": "arn:aws:elasticfilesystem:eu-west-1:480391725083:file-system/fs-0742c14c49bff3c8e",
            "file_system_id": "fs-0742c14c49bff3c8e",
            "id": "fsmt-093a65a54cfd2e627",
            "ip_address": "10.0.24.226",
            "mount_target_dns_name": "eu-west-1b.fs-0742c14c49bff3c8e.efs.eu-west-1.amazonaws.com",
            "network_interface_id": "eni-0ecbeca0a1c524a71",
            "owner_id": "480391725083",
            "security_groups": [
              "sg-0267e429d467a0587"
            ],
            "subnet_id": "subnet-045e9f909dd52741c"
          },
          "sensitive_attributes": [],
          "private": "bnVsbA==",
          "dependencies": [
            "aws_efs_file_system.wordpress_persistent",
            "aws_security_group.efs_security_group"
          ]
        },
        {
          "index_key": "subnet-06e618cd499fe7f55",
          "schema_version": 0,
          "attributes": {
            "availability_zone_id": "euw1-az1",
            "availability_zone_name": "eu-west-1a",
            "dns_name": "fs-0742c14c49bff3c8e.efs.eu-west-1.amazonaws.com",
            "file_system_arn": "arn:aws:elasticfilesystem:eu-west-1:480391725083:file-system/fs-0742c14c49bff3c8e",
            "file_system_id": "fs-0742c14c49bff3c8e",
            "id": "fsmt-068c31fefedc173c7",
            "ip_address": "10.0.7.231",
            "mount_target_dns_name": "eu-west-1a.fs-0742c14c49bff3c8e.efs.eu-west-1.amazonaws.com",
            "network_interface_id": "eni-04a427c73864c6d2f",
            "owner_id": "480391725083",
            "security_groups": [
              "sg-0267e429d467a0587"
            ],
            "subnet_id": "subnet-06e618cd499fe7f55"
          },
          "sensitive_attributes": [],
          "private": "bnVsbA==",
          "dependencies": [
            "aws_efs_file_system.wordpress_persistent",
            "aws_security_group.efs_security_group"
          ]
        }
      ]
    },
    {
      "mode": "managed",
      "type": "aws_iam_policy",
      "name": "wordpress_bucket_access",
      "provider": "provider[\"registry.terraform.io/hashicorp/aws\"]",
      "instances": [
        {
          "schema_version": 0,
          "attributes": {
            "arn": "arn:aws:iam::480391725083:policy/raffaelesollecitowebsite_WordpressBucketAccess",
            "description": "The role that allows Wordpress task to do necessary operations",
            "id": "arn:aws:iam::480391725083:policy/raffaelesollecitowebsite_WordpressBucketAccess",
            "name": "raffaelesollecitowebsite_WordpressBucketAccess",
            "name_prefix": null,
            "path": "/",
            "policy": "{\"Statement\":[{\"Action\":\"s3:ListBucket\",\"Effect\":\"Allow\",\"Resource\":\"arn:aws:s3:::www.raffaelesollecito.it\",\"Sid\":\"\"},{\"Action\":[\"s3:PutObject\",\"s3:GetObject\",\"s3:DeleteObject\"],\"Effect\":\"Allow\",\"Resource\":\"arn:aws:s3:::www.raffaelesollecito.it/*\",\"Sid\":\"\"},{\"Action\":\"ec2:DescribeNetworkInterfaces\",\"Effect\":\"Allow\",\"Resource\":\"*\",\"Sid\":\"\"},{\"Action\":\"route53:ChangeResourceRecordSets\",\"Effect\":\"Allow\",\"Resource\":\"arn:aws:route53:::hostedzone/Z00582702KHBK8CRMY8OK\",\"Sid\":\"\"}],\"Version\":\"2012-10-17\"}",
            "policy_id": "ANPAW7WMUAAN22X75SJWE",
            "tags": {},
            "tags_all": {}
          },
          "sensitive_attributes": [],
          "private": "bnVsbA==",
          "dependencies": [
            "aws_acm_certificate.wordpress_site",
            "aws_acm_certificate_validation.wordpress_site",
            "aws_route53_record.wordpress_acm_validation",
            "data.aws_iam_policy_document.wordpress_bucket_access",
            "module.cloudfront.aws_s3_bucket.wordpress_bucket",
            "module.waf.aws_wafv2_web_acl.default"
          ]
        }
      ]
    },
    {
      "mode": "managed",
      "type": "aws_iam_role",
      "name": "wordpress_task",
      "provider": "provider[\"registry.terraform.io/hashicorp/aws\"]",
      "instances": [
        {
          "schema_version": 0,
          "attributes": {
            "arn": "arn:aws:iam::480391725083:role/raffaelesollecitowebsite_WordpressTaskRole",
            "assume_role_policy": "{\"Version\":\"2012-10-17\",\"Statement\":[{\"Sid\":\"\",\"Effect\":\"Allow\",\"Principal\":{\"Service\":[\"ecs.amazonaws.com\",\"ecs-tasks.amazonaws.com\"]},\"Action\":\"sts:AssumeRole\"}]}",
            "create_date": "2022-06-15T12:57:48Z",
            "description": "",
            "force_detach_policies": false,
            "id": "raffaelesollecitowebsite_WordpressTaskRole",
            "inline_policy": [
              {
                "name": "",
                "policy": ""
              }
            ],
            "managed_policy_arns": [
              "arn:aws:iam::480391725083:policy/raffaelesollecitowebsite_WordpressBucketAccess",
              "arn:aws:iam::aws:policy/AmazonEC2ContainerRegistryReadOnly",
              "arn:aws:iam::aws:policy/CloudWatchLogsFullAccess"
            ],
            "max_session_duration": 3600,
            "name": "raffaelesollecitowebsite_WordpressTaskRole",
            "name_prefix": "",
            "path": "/",
            "permissions_boundary": null,
            "tags": {},
            "tags_all": {},
            "unique_id": "AROAW7WMUAANQV43GOB3R"
          },
          "sensitive_attributes": [],
          "private": "bnVsbA==",
          "dependencies": [
            "data.aws_iam_policy_document.ecs_assume_role_policy"
          ]
        }
      ]
    },
    {
      "mode": "managed",
      "type": "aws_iam_role_policy_attachment",
      "name": "wordpress_bucket_access",
      "provider": "provider[\"registry.terraform.io/hashicorp/aws\"]",
      "instances": [
        {
          "schema_version": 0,
          "attributes": {
            "id": "raffaelesollecitowebsite_WordpressTaskRole-20220615125853135800000007",
            "policy_arn": "arn:aws:iam::480391725083:policy/raffaelesollecitowebsite_WordpressBucketAccess",
            "role": "raffaelesollecitowebsite_WordpressTaskRole"
          },
          "sensitive_attributes": [],
          "private": "bnVsbA==",
          "dependencies": [
            "aws_route53_record.wordpress_acm_validation",
            "data.aws_iam_policy_document.wordpress_bucket_access",
            "module.waf.aws_wafv2_web_acl.default",
            "aws_acm_certificate_validation.wordpress_site",
            "aws_iam_role.wordpress_task",
            "data.aws_iam_policy_document.ecs_assume_role_policy",
            "module.cloudfront.aws_s3_bucket.wordpress_bucket",
            "aws_acm_certificate.wordpress_site",
            "aws_iam_policy.wordpress_bucket_access"
          ]
        }
      ]
    },
    {
      "mode": "managed",
      "type": "aws_iam_role_policy_attachment",
      "name": "wordpress_role_attachment_cloudwatch",
      "provider": "provider[\"registry.terraform.io/hashicorp/aws\"]",
      "instances": [
        {
          "schema_version": 0,
          "attributes": {
            "id": "raffaelesollecitowebsite_WordpressTaskRole-20220615125751327300000002",
            "policy_arn": "arn:aws:iam::aws:policy/CloudWatchLogsFullAccess",
            "role": "raffaelesollecitowebsite_WordpressTaskRole"
          },
          "sensitive_attributes": [],
          "private": "bnVsbA==",
          "dependencies": [
            "aws_iam_role.wordpress_task",
            "data.aws_iam_policy_document.ecs_assume_role_policy"
          ]
        }
      ]
    },
    {
      "mode": "managed",
      "type": "aws_iam_role_policy_attachment",
      "name": "wordpress_role_attachment_ecs",
      "provider": "provider[\"registry.terraform.io/hashicorp/aws\"]",
      "instances": [
        {
          "schema_version": 0,
          "attributes": {
            "id": "raffaelesollecitowebsite_WordpressTaskRole-20220615125751372000000003",
            "policy_arn": "arn:aws:iam::aws:policy/AmazonEC2ContainerRegistryReadOnly",
            "role": "raffaelesollecitowebsite_WordpressTaskRole"
          },
          "sensitive_attributes": [],
          "private": "bnVsbA==",
          "dependencies": [
            "aws_iam_role.wordpress_task",
            "data.aws_iam_policy_document.ecs_assume_role_policy"
          ]
        }
      ]
    },
    {
      "mode": "managed",
      "type": "aws_rds_cluster",
      "name": "serverless_wordpress",
      "provider": "provider[\"registry.terraform.io/hashicorp/aws\"]",
      "instances": [
        {
          "schema_version": 0,
          "attributes": {
            "allow_major_version_upgrade": null,
            "apply_immediately": null,
            "arn": "arn:aws:rds:eu-west-1:480391725083:cluster:raffaelesollecitowebsite-serverless-wordpress",
            "availability_zones": [
              "eu-west-1a",
              "eu-west-1b",
              "eu-west-1c"
            ],
            "backtrack_window": 0,
            "backup_retention_period": 5,
            "cluster_identifier": "raffaelesollecitowebsite-serverless-wordpress",
            "cluster_identifier_prefix": null,
            "cluster_members": [],
            "cluster_resource_id": "cluster-LUKZVUB2DWLYM33TEYVPXPKEHM",
            "copy_tags_to_snapshot": false,
            "database_name": "wordpress",
            "db_cluster_parameter_group_name": "default.aurora-mysql5.7",
            "db_instance_parameter_group_name": null,
            "db_subnet_group_name": "raffaelesollecitowebsite_main",
            "deletion_protection": false,
            "enable_global_write_forwarding": false,
            "enable_http_endpoint": true,
            "enabled_cloudwatch_logs_exports": [],
            "endpoint": "raffaelesollecitowebsite-serverless-wordpress.cluster-c7bcrlikhhvy.eu-west-1.rds.amazonaws.com",
            "engine": "aurora-mysql",
            "engine_mode": "serverless",
            "engine_version": "5.7.mysql_aurora.2.07.1",
            "engine_version_actual": "5.7.mysql_aurora.2.07.1",
            "final_snapshot_identifier": "raffaelesollecitowebsite-serverless-wordpress-3173249968629693504",
            "global_cluster_identifier": "",
            "hosted_zone_id": "Z29XKXDKYMONMX",
            "iam_database_authentication_enabled": false,
            "iam_roles": [],
            "id": "raffaelesollecitowebsite-serverless-wordpress",
            "kms_key_id": "arn:aws:kms:eu-west-1:480391725083:key/55ea2074-47b4-4d13-83fb-2d33b35707e0",
            "master_password": "_!B4W6DUfvY36mxA",
            "master_username": "wp_master",
            "port": 3306,
            "preferred_backup_window": "00:37-01:07",
            "preferred_maintenance_window": "fri:01:51-fri:02:21",
            "reader_endpoint": "",
            "replication_source_identifier": "",
            "restore_to_point_in_time": [],
            "s3_import": [],
            "scaling_configuration": [
              {
                "auto_pause": true,
                "max_capacity": 1,
                "min_capacity": 1,
                "seconds_until_auto_pause": 300,
                "timeout_action": "ForceApplyCapacityChange"
              }
            ],
            "skip_final_snapshot": false,
            "snapshot_identifier": null,
            "source_region": null,
            "storage_encrypted": true,
            "tags": {},
            "tags_all": {},
            "timeouts": null,
            "vpc_security_group_ids": [
              "sg-0e211170a69791a73"
            ]
          },
          "sensitive_attributes": [
            [
              {
                "type": "get_attr",
                "value": "master_password"
              }
            ]
          ],
          "private": "eyJlMmJmYjczMC1lY2FhLTExZTYtOGY4OC0zNDM2M2JjN2M0YzAiOnsiY3JlYXRlIjo3MjAwMDAwMDAwMDAwLCJkZWxldGUiOjcyMDAwMDAwMDAwMDAsInVwZGF0ZSI6NzIwMDAwMDAwMDAwMH19",
          "dependencies": [
            "aws_cloudwatch_log_group.serverless_wordpress",
            "aws_db_subnet_group.main_vpc",
            "aws_security_group.aurora_serverless_group",
            "random_id.rds_snapshot",
            "random_password.serverless_wordpress_password"
          ]
        }
      ]
    },
    {
      "mode": "managed",
      "type": "aws_route53_record",
      "name": "apex",
      "provider": "provider[\"registry.terraform.io/hashicorp/aws\"]",
      "instances": [
        {
          "schema_version": 2,
          "attributes": {
            "alias": [
              {
                "evaluate_target_health": false,
                "name": "d2wekk60y0fsm7.cloudfront.net",
                "zone_id": "Z2FDTNDATAQYW2"
              }
            ],
            "allow_overwrite": null,
            "failover_routing_policy": [],
            "fqdn": "raffaelesollecito.it",
            "geolocation_routing_policy": [],
            "health_check_id": "",
            "id": "Z00582702KHBK8CRMY8OK_raffaelesollecito.it_A",
            "latency_routing_policy": [],
            "multivalue_answer_routing_policy": null,
            "name": "raffaelesollecito.it",
            "records": [],
            "set_identifier": "",
            "ttl": 0,
            "type": "A",
            "weighted_routing_policy": [],
            "zone_id": "Z00582702KHBK8CRMY8OK"
          },
          "sensitive_attributes": [],
          "private": "eyJzY2hlbWFfdmVyc2lvbiI6IjIifQ==",
          "dependencies": [
            "aws_acm_certificate_validation.wordpress_site",
            "module.cloudfront.aws_iam_role.lambda-edge",
            "module.cloudfront.aws_lambda_function.object_redirect",
            "module.cloudfront.aws_cloudfront_origin_access_identity.wordpress_distribution",
            "module.cloudfront.aws_cloudwatch_log_group.object_redirect",
            "module.cloudfront.data.archive_file.index_html",
            "module.cloudfront.data.aws_iam_policy_document.lambda-edge-service-role",
            "aws_acm_certificate.wordpress_site",
            "aws_route53_record.wordpress_acm_validation",
            "module.cloudfront.aws_s3_bucket.wordpress_bucket",
            "module.waf.aws_wafv2_web_acl.default",
            "module.cloudfront.aws_cloudfront_distribution.wordpress_distribution",
            "module.cloudfront.aws_cloudwatch_log_group.object_redirect_ue1",
            "module.cloudfront.aws_cloudwatch_log_group.object_redirect_ue1_local"
          ]
        }
      ]
    },
    {
      "mode": "managed",
      "type": "aws_route53_record",
      "name": "wordpress_acm_validation",
      "provider": "provider[\"registry.terraform.io/hashicorp/aws\"]",
      "instances": [
        {
          "index_key": "raffaelesollecito.it",
          "schema_version": 2,
          "attributes": {
            "alias": [],
            "allow_overwrite": true,
            "failover_routing_policy": [],
            "fqdn": "_9881b5e134ad8c7b0afe82cd5c391c1f.raffaelesollecito.it",
            "geolocation_routing_policy": [],
            "health_check_id": "",
            "id": "Z00582702KHBK8CRMY8OK__9881b5e134ad8c7b0afe82cd5c391c1f.raffaelesollecito.it._CNAME",
            "latency_routing_policy": [],
            "multivalue_answer_routing_policy": null,
            "name": "_9881b5e134ad8c7b0afe82cd5c391c1f.raffaelesollecito.it",
            "records": [
              "_6587fe121bbfb2a61ecbeeed886021a1.hnyhpvdqhv.acm-validations.aws."
            ],
            "set_identifier": "",
            "ttl": 60,
            "type": "CNAME",
            "weighted_routing_policy": [],
            "zone_id": "Z00582702KHBK8CRMY8OK"
          },
          "sensitive_attributes": [],
          "private": "eyJzY2hlbWFfdmVyc2lvbiI6IjIifQ==",
          "dependencies": [
            "aws_acm_certificate.wordpress_site"
          ]
        },
        {
          "index_key": "www.raffaelesollecito.it",
          "schema_version": 2,
          "attributes": {
            "alias": [],
            "allow_overwrite": true,
            "failover_routing_policy": [],
            "fqdn": "_6fbd4684ec50d733630c4b196ff48c05.www.raffaelesollecito.it",
            "geolocation_routing_policy": [],
            "health_check_id": "",
            "id": "Z00582702KHBK8CRMY8OK__6fbd4684ec50d733630c4b196ff48c05.www.raffaelesollecito.it._CNAME",
            "latency_routing_policy": [],
            "multivalue_answer_routing_policy": null,
            "name": "_6fbd4684ec50d733630c4b196ff48c05.www.raffaelesollecito.it",
            "records": [
              "_b1da983cccc717fc2ed2a1641349704b.hnyhpvdqhv.acm-validations.aws."
            ],
            "set_identifier": "",
            "ttl": 60,
            "type": "CNAME",
            "weighted_routing_policy": [],
            "zone_id": "Z00582702KHBK8CRMY8OK"
          },
          "sensitive_attributes": [],
          "private": "eyJzY2hlbWFfdmVyc2lvbiI6IjIifQ==",
          "dependencies": [
            "aws_acm_certificate.wordpress_site"
          ]
        }
      ]
    },
    {
      "mode": "managed",
      "type": "aws_route53_record",
      "name": "www",
      "provider": "provider[\"registry.terraform.io/hashicorp/aws\"]",
      "instances": [
        {
          "schema_version": 2,
          "attributes": {
            "alias": [],
            "allow_overwrite": null,
            "failover_routing_policy": [],
            "fqdn": "www.raffaelesollecito.it",
            "geolocation_routing_policy": [],
            "health_check_id": "",
            "id": "Z00582702KHBK8CRMY8OK_www_CNAME",
            "latency_routing_policy": [],
            "multivalue_answer_routing_policy": null,
            "name": "www",
            "records": [
              "raffaelesollecito.it"
            ],
            "set_identifier": "",
            "ttl": 600,
            "type": "CNAME",
            "weighted_routing_policy": [],
            "zone_id": "Z00582702KHBK8CRMY8OK"
          },
          "sensitive_attributes": [],
          "private": "eyJzY2hlbWFfdmVyc2lvbiI6IjIifQ=="
        }
      ]
    },
    {
      "mode": "managed",
      "type": "aws_security_group",
      "name": "aurora_serverless_group",
      "provider": "provider[\"registry.terraform.io/hashicorp/aws\"]",
      "instances": [
        {
          "schema_version": 1,
          "attributes": {
            "arn": "arn:aws:ec2:eu-west-1:480391725083:security-group/sg-0e211170a69791a73",
            "description": "security group for serverless wordpress mysql aurora",
            "egress": [],
            "id": "sg-0e211170a69791a73",
            "ingress": [
              {
                "cidr_blocks": [],
                "description": "Ingress on mySQL port to Aurora Serverless",
                "from_port": 3306,
                "ipv6_cidr_blocks": [],
                "prefix_list_ids": [],
                "protocol": "tcp",
                "security_groups": [
                  "sg-03406daa1e535ce6b"
                ],
                "self": false,
                "to_port": 3306
              }
            ],
            "name": "raffaelesollecito.it_aurora_mysql_sg",
            "name_prefix": "",
            "owner_id": "480391725083",
            "revoke_rules_on_delete": false,
            "tags": {},
            "tags_all": {},
            "timeouts": null,
            "vpc_id": "vpc-0d505e22c17c75197"
          },
          "sensitive_attributes": [],
          "private": "eyJlMmJmYjczMC1lY2FhLTExZTYtOGY4OC0zNDM2M2JjN2M0YzAiOnsiY3JlYXRlIjo2MDAwMDAwMDAwMDAsImRlbGV0ZSI6OTAwMDAwMDAwMDAwfSwic2NoZW1hX3ZlcnNpb24iOiIxIn0="
        }
      ]
    },
    {
      "mode": "managed",
      "type": "aws_security_group",
      "name": "efs_security_group",
      "provider": "provider[\"registry.terraform.io/hashicorp/aws\"]",
      "instances": [
        {
          "schema_version": 1,
          "attributes": {
            "arn": "arn:aws:ec2:eu-west-1:480391725083:security-group/sg-0267e429d467a0587",
            "description": "security group for wordpress",
            "egress": [],
            "id": "sg-0267e429d467a0587",
            "ingress": [
              {
                "cidr_blocks": [],
                "description": "Ingress to EFS mount from Wordpress container",
                "from_port": 2049,
                "ipv6_cidr_blocks": [],
                "prefix_list_ids": [],
                "protocol": "tcp",
                "security_groups": [
                  "sg-03406daa1e535ce6b"
                ],
                "self": false,
                "to_port": 2049
              }
            ],
            "name": "raffaelesollecitowebsite_efs_sg",
            "name_prefix": "",
            "owner_id": "480391725083",
            "revoke_rules_on_delete": false,
            "tags": {},
            "tags_all": {},
            "timeouts": null,
            "vpc_id": "vpc-0d505e22c17c75197"
          },
          "sensitive_attributes": [],
          "private": "eyJlMmJmYjczMC1lY2FhLTExZTYtOGY4OC0zNDM2M2JjN2M0YzAiOnsiY3JlYXRlIjo2MDAwMDAwMDAwMDAsImRlbGV0ZSI6OTAwMDAwMDAwMDAwfSwic2NoZW1hX3ZlcnNpb24iOiIxIn0="
        }
      ]
    },
    {
      "mode": "managed",
      "type": "aws_security_group",
      "name": "wordpress_security_group",
      "provider": "provider[\"registry.terraform.io/hashicorp/aws\"]",
      "instances": [
        {
          "schema_version": 1,
          "attributes": {
            "arn": "arn:aws:ec2:eu-west-1:480391725083:security-group/sg-03406daa1e535ce6b",
            "description": "security group for wordpress",
            "egress": [
              {
                "cidr_blocks": [
                  "0.0.0.0/0"
                ],
                "description": "Egress from Wordpress container to world on HTTP",
                "from_port": 80,
                "ipv6_cidr_blocks": [],
                "prefix_list_ids": [],
                "protocol": "tcp",
                "security_groups": [],
                "self": false,
                "to_port": 80
              },
              {
                "cidr_blocks": [
                  "0.0.0.0/0"
                ],
                "description": "Egress from Wordpress container to world on HTTPS",
                "from_port": 443,
                "ipv6_cidr_blocks": [],
                "prefix_list_ids": [],
                "protocol": "tcp",
                "security_groups": [],
                "self": false,
                "to_port": 443
              },
              {
                "cidr_blocks": [],
                "description": "Egress from Wordpress container to Aurora Database",
                "from_port": 3306,
                "ipv6_cidr_blocks": [],
                "prefix_list_ids": [],
                "protocol": "tcp",
                "security_groups": [
                  "sg-0e211170a69791a73"
                ],
                "self": false,
                "to_port": 3306
              },
              {
                "cidr_blocks": [],
                "description": "Egress to EFS mount from Wordpress container",
                "from_port": 2049,
                "ipv6_cidr_blocks": [],
                "prefix_list_ids": [],
                "protocol": "tcp",
                "security_groups": [
                  "sg-0267e429d467a0587"
                ],
                "self": false,
                "to_port": 2049
              }
            ],
            "id": "sg-03406daa1e535ce6b",
            "ingress": [
              {
                "cidr_blocks": [
                  "0.0.0.0/0"
                ],
                "description": "Allow ingress from world to Wordpress container",
                "from_port": 80,
                "ipv6_cidr_blocks": [],
                "prefix_list_ids": [],
                "protocol": "tcp",
                "security_groups": [],
                "self": false,
                "to_port": 80
              }
            ],
            "name": "raffaelesollecitowebsite_wordpress_sg",
            "name_prefix": "",
            "owner_id": "480391725083",
            "revoke_rules_on_delete": false,
            "tags": {},
            "tags_all": {},
            "timeouts": null,
            "vpc_id": "vpc-0d505e22c17c75197"
          },
          "sensitive_attributes": [],
          "private": "eyJlMmJmYjczMC1lY2FhLTExZTYtOGY4OC0zNDM2M2JjN2M0YzAiOnsiY3JlYXRlIjo2MDAwMDAwMDAwMDAsImRlbGV0ZSI6OTAwMDAwMDAwMDAwfSwic2NoZW1hX3ZlcnNpb24iOiIxIn0="
        }
      ]
    },
    {
      "mode": "managed",
      "type": "aws_security_group_rule",
      "name": "aurora_sg_ingress_3306",
      "provider": "provider[\"registry.terraform.io/hashicorp/aws\"]",
      "instances": [
        {
          "schema_version": 2,
          "attributes": {
            "cidr_blocks": [],
            "description": "Ingress on mySQL port to Aurora Serverless",
            "from_port": 3306,
            "id": "sgrule-4001588204",
            "ipv6_cidr_blocks": [],
            "prefix_list_ids": [],
            "protocol": "tcp",
            "security_group_id": "sg-0e211170a69791a73",
            "self": false,
            "source_security_group_id": "sg-03406daa1e535ce6b",
            "to_port": 3306,
            "type": "ingress"
          },
          "sensitive_attributes": [],
          "private": "eyJzY2hlbWFfdmVyc2lvbiI6IjIifQ==",
          "dependencies": [
            "aws_security_group.aurora_serverless_group",
            "aws_security_group.wordpress_security_group"
          ]
        }
      ]
    },
    {
      "mode": "managed",
      "type": "aws_security_group_rule",
      "name": "efs_ingress",
      "provider": "provider[\"registry.terraform.io/hashicorp/aws\"]",
      "instances": [
        {
          "schema_version": 2,
          "attributes": {
            "cidr_blocks": [],
            "description": "Ingress to EFS mount from Wordpress container",
            "from_port": 2049,
            "id": "sgrule-1275059422",
            "ipv6_cidr_blocks": [],
            "prefix_list_ids": [],
            "protocol": "tcp",
            "security_group_id": "sg-0267e429d467a0587",
            "self": false,
            "source_security_group_id": "sg-03406daa1e535ce6b",
            "to_port": 2049,
            "type": "ingress"
          },
          "sensitive_attributes": [],
          "private": "eyJzY2hlbWFfdmVyc2lvbiI6IjIifQ==",
          "dependencies": [
            "aws_security_group.efs_security_group",
            "aws_security_group.wordpress_security_group"
          ]
        }
      ]
    },
    {
      "mode": "managed",
      "type": "aws_security_group_rule",
      "name": "wordpress_sg_egress_2049",
      "provider": "provider[\"registry.terraform.io/hashicorp/aws\"]",
      "instances": [
        {
          "schema_version": 2,
          "attributes": {
            "cidr_blocks": [],
            "description": "Egress to EFS mount from Wordpress container",
            "from_port": 2049,
            "id": "sgrule-869387569",
            "ipv6_cidr_blocks": [],
            "prefix_list_ids": [],
            "protocol": "tcp",
            "security_group_id": "sg-03406daa1e535ce6b",
            "self": false,
            "source_security_group_id": "sg-0267e429d467a0587",
            "to_port": 2049,
            "type": "egress"
          },
          "sensitive_attributes": [],
          "private": "eyJzY2hlbWFfdmVyc2lvbiI6IjIifQ==",
          "dependencies": [
            "aws_security_group.efs_security_group",
            "aws_security_group.wordpress_security_group"
          ]
        }
      ]
    },
    {
      "mode": "managed",
      "type": "aws_security_group_rule",
      "name": "wordpress_sg_egress_3306",
      "provider": "provider[\"registry.terraform.io/hashicorp/aws\"]",
      "instances": [
        {
          "schema_version": 2,
          "attributes": {
            "cidr_blocks": [],
            "description": "Egress from Wordpress container to Aurora Database",
            "from_port": 3306,
            "id": "sgrule-1248051823",
            "ipv6_cidr_blocks": [],
            "prefix_list_ids": [],
            "protocol": "tcp",
            "security_group_id": "sg-03406daa1e535ce6b",
            "self": false,
            "source_security_group_id": "sg-0e211170a69791a73",
            "to_port": 3306,
            "type": "egress"
          },
          "sensitive_attributes": [],
          "private": "eyJzY2hlbWFfdmVyc2lvbiI6IjIifQ==",
          "dependencies": [
            "aws_security_group.aurora_serverless_group",
            "aws_security_group.wordpress_security_group"
          ]
        }
      ]
    },
    {
      "mode": "managed",
      "type": "aws_security_group_rule",
      "name": "wordpress_sg_egress_443",
      "provider": "provider[\"registry.terraform.io/hashicorp/aws\"]",
      "instances": [
        {
          "schema_version": 2,
          "attributes": {
            "cidr_blocks": [
              "0.0.0.0/0"
            ],
            "description": "Egress from Wordpress container to world on HTTPS",
            "from_port": 443,
            "id": "sgrule-328533285",
            "ipv6_cidr_blocks": [],
            "prefix_list_ids": [],
            "protocol": "tcp",
            "security_group_id": "sg-03406daa1e535ce6b",
            "self": false,
            "source_security_group_id": null,
            "to_port": 443,
            "type": "egress"
          },
          "sensitive_attributes": [],
          "private": "eyJzY2hlbWFfdmVyc2lvbiI6IjIifQ==",
          "dependencies": [
            "aws_security_group.wordpress_security_group"
          ]
        }
      ]
    },
    {
      "mode": "managed",
      "type": "aws_security_group_rule",
      "name": "wordpress_sg_egress_80",
      "provider": "provider[\"registry.terraform.io/hashicorp/aws\"]",
      "instances": [
        {
          "schema_version": 2,
          "attributes": {
            "cidr_blocks": [
              "0.0.0.0/0"
            ],
            "description": "Egress from Wordpress container to world on HTTP",
            "from_port": 80,
            "id": "sgrule-202450992",
            "ipv6_cidr_blocks": [],
            "prefix_list_ids": [],
            "protocol": "tcp",
            "security_group_id": "sg-03406daa1e535ce6b",
            "self": false,
            "source_security_group_id": null,
            "to_port": 80,
            "type": "egress"
          },
          "sensitive_attributes": [],
          "private": "eyJzY2hlbWFfdmVyc2lvbiI6IjIifQ==",
          "dependencies": [
            "aws_security_group.wordpress_security_group"
          ]
        }
      ]
    },
    {
      "mode": "managed",
      "type": "aws_security_group_rule",
      "name": "wordpress_sg_ingress_80",
      "provider": "provider[\"registry.terraform.io/hashicorp/aws\"]",
      "instances": [
        {
          "schema_version": 2,
          "attributes": {
            "cidr_blocks": [
              "0.0.0.0/0"
            ],
            "description": "Allow ingress from world to Wordpress container",
            "from_port": 80,
            "id": "sgrule-2765554384",
            "ipv6_cidr_blocks": [],
            "prefix_list_ids": [],
            "protocol": "tcp",
            "security_group_id": "sg-03406daa1e535ce6b",
            "self": false,
            "source_security_group_id": null,
            "to_port": 80,
            "type": "ingress"
          },
          "sensitive_attributes": [],
          "private": "eyJzY2hlbWFfdmVyc2lvbiI6IjIifQ==",
          "dependencies": [
            "aws_security_group.wordpress_security_group"
          ]
        }
      ]
    },
    {
      "mode": "managed",
      "type": "random_id",
      "name": "rds_snapshot",
      "provider": "provider[\"registry.terraform.io/hashicorp/random\"]",
      "instances": [
        {
          "schema_version": 0,
          "attributes": {
            "b64_std": "LAmmCKuxPEA=",
            "b64_url": "LAmmCKuxPEA",
            "byte_length": 8,
            "dec": "3173249968629693504",
            "hex": "2c09a608abb13c40",
            "id": "LAmmCKuxPEA",
            "keepers": null,
            "prefix": null
          },
          "sensitive_attributes": [],
          "private": "bnVsbA=="
        }
      ]
    },
    {
      "mode": "managed",
      "type": "random_password",
      "name": "serverless_wordpress_password",
      "provider": "provider[\"registry.terraform.io/hashicorp/random\"]",
      "instances": [
        {
          "schema_version": 0,
          "attributes": {
            "id": "none",
            "keepers": null,
            "length": 16,
            "lower": true,
            "min_lower": 0,
            "min_numeric": 0,
            "min_special": 0,
            "min_upper": 0,
            "number": true,
            "override_special": "!#%\u0026*()-_=+[]\u003c\u003e",
            "result": "_!B4W6DUfvY36mxA",
            "special": true,
            "upper": true
          },
          "sensitive_attributes": [],
          "private": "bnVsbA=="
        }
      ]
    },
    {
      "module": "module.cloudfront",
      "mode": "data",
      "type": "archive_file",
      "name": "index_html",
      "provider": "provider[\"registry.terraform.io/hashicorp/archive\"]",
      "instances": [
        {
          "schema_version": 0,
          "attributes": {
            "excludes": null,
            "id": "7eecb945b4f1e629d12ec37aca4d6cb5534c3858",
            "output_base64sha256": "jaYQ8SWhvwPriB2hYccrNtBtoleT28asmBw+hHU2WZk=",
            "output_file_mode": null,
            "output_md5": "f9df90492684d925f38d35c657406945",
            "output_path": "modules/cloudfront/lambda_redirect/dst/index_html.zip",
            "output_sha": "7eecb945b4f1e629d12ec37aca4d6cb5534c3858",
            "output_size": 744,
            "source": [],
            "source_content": null,
            "source_content_filename": null,
            "source_dir": "modules/cloudfront/lambda_redirect/index_html",
            "source_file": null,
            "type": "zip"
          },
          "sensitive_attributes": []
        }
      ]
    },
    {
      "module": "module.cloudfront",
      "mode": "data",
      "type": "aws_iam_policy_document",
      "name": "lambda-edge-cloudwatch-logs",
      "provider": "provider[\"registry.terraform.io/hashicorp/aws\"]",
      "instances": [
        {
          "schema_version": 0,
          "attributes": {
            "id": "4063422367",
            "json": "{\n  \"Version\": \"2012-10-17\",\n  \"Statement\": [\n    {\n      \"Sid\": \"\",\n      \"Effect\": \"Allow\",\n      \"Action\": [\n        \"logs:PutLogEvents\",\n        \"logs:CreateLogStream\",\n        \"logs:CreateLogGroup\"\n      ],\n      \"Resource\": \"arn:aws:logs:*:*:*\"\n    }\n  ]\n}",
            "override_json": null,
            "override_policy_documents": null,
            "policy_id": null,
            "source_json": null,
            "source_policy_documents": null,
            "statement": [
              {
                "actions": [
                  "logs:CreateLogGroup",
                  "logs:CreateLogStream",
                  "logs:PutLogEvents"
                ],
                "condition": [],
                "effect": "Allow",
                "not_actions": [],
                "not_principals": [],
                "not_resources": [],
                "principals": [],
                "resources": [
                  "arn:aws:logs:*:*:*"
                ],
                "sid": ""
              }
            ],
            "version": "2012-10-17"
          },
          "sensitive_attributes": []
        }
      ]
    },
    {
      "module": "module.cloudfront",
      "mode": "data",
      "type": "aws_iam_policy_document",
      "name": "lambda-edge-service-role",
      "provider": "provider[\"registry.terraform.io/hashicorp/aws\"]",
      "instances": [
        {
          "schema_version": 0,
          "attributes": {
            "id": "3454655979",
            "json": "{\n  \"Version\": \"2012-10-17\",\n  \"Statement\": [\n    {\n      \"Sid\": \"\",\n      \"Effect\": \"Allow\",\n      \"Action\": \"sts:AssumeRole\",\n      \"Principal\": {\n        \"Service\": [\n          \"lambda.amazonaws.com\",\n          \"edgelambda.amazonaws.com\"\n        ]\n      }\n    }\n  ]\n}",
            "override_json": null,
            "override_policy_documents": null,
            "policy_id": null,
            "source_json": null,
            "source_policy_documents": null,
            "statement": [
              {
                "actions": [
                  "sts:AssumeRole"
                ],
                "condition": [],
                "effect": "Allow",
                "not_actions": [],
                "not_principals": [],
                "not_resources": [],
                "principals": [
                  {
                    "identifiers": [
                      "edgelambda.amazonaws.com",
                      "lambda.amazonaws.com"
                    ],
                    "type": "Service"
                  }
                ],
                "resources": [],
                "sid": ""
              }
            ],
            "version": "2012-10-17"
          },
          "sensitive_attributes": []
        }
      ]
    },
    {
      "module": "module.cloudfront",
      "mode": "managed",
      "type": "aws_cloudfront_distribution",
      "name": "wordpress_distribution",
      "provider": "provider[\"registry.terraform.io/hashicorp/aws\"]",
      "instances": [
        {
          "schema_version": 1,
          "attributes": {
            "aliases": [],
            "arn": "arn:aws:cloudfront::480391725083:distribution/E16NB9Z322KSYP",
            "caller_reference": "terraform-20220615125906846800000008",
            "comment": "raffaelesollecitowebsite Distribution for Wordpress",
            "custom_error_response": [],
            "default_cache_behavior": [
              {
                "allowed_methods": [
                  "GET",
                  "HEAD",
                  "OPTIONS"
                ],
                "cache_policy_id": "",
                "cached_methods": [
                  "GET",
                  "HEAD"
                ],
                "compress": true,
                "default_ttl": 600,
                "field_level_encryption_id": "",
                "forwarded_values": [
                  {
                    "cookies": [
                      {
                        "forward": "none",
                        "whitelisted_names": []
                      }
                    ],
                    "headers": [],
                    "query_string": true,
                    "query_string_cache_keys": []
                  }
                ],
                "function_association": [],
                "lambda_function_association": [
                  {
                    "event_type": "origin-request",
                    "include_body": false,
                    "lambda_arn": "arn:aws:lambda:us-east-1:480391725083:function:raffaelesollecitowebsite_redirect_index_html:4"
                  }
                ],
                "max_ttl": 31536000,
                "min_ttl": 0,
                "origin_request_policy_id": "",
                "realtime_log_config_arn": "",
                "response_headers_policy_id": "",
                "smooth_streaming": false,
                "target_origin_id": "raffaelesollecitowebsite_WordpressBucket",
                "trusted_key_groups": [],
                "trusted_signers": [],
                "viewer_protocol_policy": "redirect-to-https"
              }
            ],
            "default_root_object": "index.html",
            "domain_name": "d2wekk60y0fsm7.cloudfront.net",
            "enabled": true,
            "etag": "E3HWDMOFCDJAB0",
            "hosted_zone_id": "Z2FDTNDATAQYW2",
            "http_version": "http2",
            "id": "E16NB9Z322KSYP",
            "in_progress_validation_batches": 0,
            "is_ipv6_enabled": true,
            "last_modified_time": "2022-06-15 12:59:07.518 +0000 UTC",
            "logging_config": [],
            "ordered_cache_behavior": [],
            "origin": [
              {
                "connection_attempts": 3,
                "connection_timeout": 10,
                "custom_header": [],
                "custom_origin_config": [],
                "domain_name": "www.raffaelesollecito.it.s3.eu-west-1.amazonaws.com",
                "origin_id": "raffaelesollecitowebsite_WordpressBucket",
                "origin_path": "",
                "origin_shield": [],
                "s3_origin_config": [
                  {
                    "origin_access_identity": "origin-access-identity/cloudfront/E3EYP3XXSPN25U"
                  }
                ]
              }
            ],
            "origin_group": [],
            "price_class": "PriceClass_All",
            "restrictions": [
              {
                "geo_restriction": [
                  {
                    "locations": [],
                    "restriction_type": "none"
                  }
                ]
              }
            ],
            "retain_on_delete": false,
            "status": "Deployed",
            "tags": {},
            "tags_all": {},
            "trusted_key_groups": [
              {
                "enabled": false,
                "items": []
              }
            ],
            "trusted_signers": [
              {
                "enabled": false,
                "items": []
              }
            ],
            "viewer_certificate": [
              {
                "acm_certificate_arn": "arn:aws:acm:us-east-1:480391725083:certificate/772e8d2e-38ed-42e6-87ad-0facd4c5a666",
                "cloudfront_default_certificate": false,
                "iam_certificate_id": "",
                "minimum_protocol_version": "TLSv1.2_2019",
                "ssl_support_method": "sni-only"
              }
            ],
            "wait_for_deployment": true,
            "web_acl_id": ""
          },
          "sensitive_attributes": [],
          "private": "eyJzY2hlbWFfdmVyc2lvbiI6IjEifQ==",
          "dependencies": [
            "module.cloudfront.data.aws_iam_policy_document.lambda-edge-service-role",
            "aws_acm_certificate_validation.wordpress_site",
            "aws_route53_record.wordpress_acm_validation",
            "module.cloudfront.aws_iam_role.lambda-edge",
            "module.cloudfront.aws_lambda_function.object_redirect",
            "module.cloudfront.aws_s3_bucket.wordpress_bucket",
            "module.cloudfront.data.archive_file.index_html",
            "module.waf.aws_wafv2_web_acl.default",
            "aws_acm_certificate.wordpress_site",
            "module.cloudfront.aws_cloudfront_origin_access_identity.wordpress_distribution",
            "module.cloudfront.aws_cloudwatch_log_group.object_redirect",
            "module.cloudfront.aws_cloudwatch_log_group.object_redirect_ue1",
            "module.cloudfront.aws_cloudwatch_log_group.object_redirect_ue1_local"
          ]
        }
      ]
    },
    {
      "module": "module.cloudfront",
      "mode": "managed",
      "type": "aws_cloudfront_origin_access_identity",
      "name": "wordpress_distribution",
      "provider": "provider[\"registry.terraform.io/hashicorp/aws\"]",
      "instances": [
        {
          "schema_version": 0,
          "attributes": {
            "caller_reference": "terraform-20220615125847181200000005",
            "cloudfront_access_identity_path": "origin-access-identity/cloudfront/E3EYP3XXSPN25U",
            "comment": "raffaelesollecitowebsite OAI for S3",
            "etag": "E2HSO460PODZYR",
            "iam_arn": "arn:aws:iam::cloudfront:user/CloudFront Origin Access Identity E3EYP3XXSPN25U",
            "id": "E3EYP3XXSPN25U",
            "s3_canonical_user_id": "89809b321dc38078f46a40de991df029676751583218521d707757060a66bd791a746d353fd176759dfb1196ff6bdbf4"
          },
          "sensitive_attributes": [],
          "private": "bnVsbA==",
          "dependencies": [
            "aws_acm_certificate.wordpress_site",
            "aws_acm_certificate_validation.wordpress_site",
            "aws_route53_record.wordpress_acm_validation",
            "module.waf.aws_wafv2_web_acl.default"
          ]
        }
      ]
    },
    {
      "module": "module.cloudfront",
      "mode": "managed",
      "type": "aws_cloudwatch_log_group",
      "name": "object_redirect",
      "provider": "provider[\"registry.terraform.io/hashicorp/aws\"]",
      "instances": [
        {
          "schema_version": 0,
          "attributes": {
            "arn": "arn:aws:logs:eu-west-1:480391725083:log-group:/aws/lambda/raffaelesollecitowebsite_redirect_index_html",
            "id": "/aws/lambda/raffaelesollecitowebsite_redirect_index_html",
            "kms_key_id": "",
            "name": "/aws/lambda/raffaelesollecitowebsite_redirect_index_html",
            "name_prefix": null,
            "retention_in_days": 7,
            "tags": {},
            "tags_all": {}
          },
          "sensitive_attributes": [],
          "private": "bnVsbA==",
          "dependencies": [
            "aws_acm_certificate.wordpress_site",
            "aws_acm_certificate_validation.wordpress_site",
            "aws_route53_record.wordpress_acm_validation",
            "module.waf.aws_wafv2_web_acl.default"
          ]
        }
      ]
    },
    {
      "module": "module.cloudfront",
      "mode": "managed",
      "type": "aws_cloudwatch_log_group",
      "name": "object_redirect_ue1",
      "provider": "provider[\"registry.terraform.io/hashicorp/aws\"].ue1",
      "instances": [
        {
          "schema_version": 0,
          "attributes": {
            "arn": "arn:aws:logs:us-east-1:480391725083:log-group:/aws/lambda/us-east-1.raffaelesollecitowebsite_redirect_index_html",
            "id": "/aws/lambda/us-east-1.raffaelesollecitowebsite_redirect_index_html",
            "kms_key_id": "",
            "name": "/aws/lambda/us-east-1.raffaelesollecitowebsite_redirect_index_html",
            "name_prefix": null,
            "retention_in_days": 7,
            "tags": {},
            "tags_all": {}
          },
          "sensitive_attributes": [],
          "private": "bnVsbA==",
          "dependencies": [
            "module.waf.aws_wafv2_web_acl.default",
            "aws_acm_certificate.wordpress_site",
            "aws_acm_certificate_validation.wordpress_site",
            "aws_route53_record.wordpress_acm_validation"
          ]
        }
      ]
    },
    {
      "module": "module.cloudfront",
      "mode": "managed",
      "type": "aws_cloudwatch_log_group",
      "name": "object_redirect_ue1_local",
      "provider": "provider[\"registry.terraform.io/hashicorp/aws\"]",
      "instances": [
        {
          "schema_version": 0,
          "attributes": {
            "arn": "arn:aws:logs:eu-west-1:480391725083:log-group:/aws/lambda/us-east-1.raffaelesollecitowebsite_redirect_index_html",
            "id": "/aws/lambda/us-east-1.raffaelesollecitowebsite_redirect_index_html",
            "kms_key_id": "",
            "name": "/aws/lambda/us-east-1.raffaelesollecitowebsite_redirect_index_html",
            "name_prefix": null,
            "retention_in_days": 7,
            "tags": {},
            "tags_all": {}
          },
          "sensitive_attributes": [],
          "private": "bnVsbA==",
          "dependencies": [
            "aws_route53_record.wordpress_acm_validation",
            "module.waf.aws_wafv2_web_acl.default",
            "aws_acm_certificate.wordpress_site",
            "aws_acm_certificate_validation.wordpress_site"
          ]
        }
      ]
    },
    {
      "module": "module.cloudfront",
      "mode": "managed",
      "type": "aws_iam_role",
      "name": "lambda-edge",
      "provider": "provider[\"registry.terraform.io/hashicorp/aws\"]",
      "instances": [
        {
          "schema_version": 0,
          "attributes": {
            "arn": "arn:aws:iam::480391725083:role/raffaelesollecitowebsite-lambda-edge-service-role",
            "assume_role_policy": "{\"Version\":\"2012-10-17\",\"Statement\":[{\"Sid\":\"\",\"Effect\":\"Allow\",\"Principal\":{\"Service\":[\"edgelambda.amazonaws.com\",\"lambda.amazonaws.com\"]},\"Action\":\"sts:AssumeRole\"}]}",
            "create_date": "2022-06-15T12:58:47Z",
            "description": "",
            "force_detach_policies": false,
            "id": "raffaelesollecitowebsite-lambda-edge-service-role",
            "inline_policy": [
              {
                "name": "raffaelesollecitowebsite-lambda-edge-cloudwatch-logs",
                "policy": "{\n  \"Version\": \"2012-10-17\",\n  \"Statement\": [\n    {\n      \"Sid\": \"\",\n      \"Effect\": \"Allow\",\n      \"Action\": [\n        \"logs:PutLogEvents\",\n        \"logs:CreateLogStream\",\n        \"logs:CreateLogGroup\"\n      ],\n      \"Resource\": \"arn:aws:logs:*:*:*\"\n    }\n  ]\n}"
              }
            ],
            "managed_policy_arns": [
              "arn:aws:iam::aws:policy/service-role/AWSLambdaBasicExecutionRole"
            ],
            "max_session_duration": 3600,
            "name": "raffaelesollecitowebsite-lambda-edge-service-role",
            "name_prefix": "",
            "path": "/",
            "permissions_boundary": null,
            "tags": {},
            "tags_all": {},
            "unique_id": "AROAW7WMUAAN63TBPSVHQ"
          },
          "sensitive_attributes": [],
          "private": "bnVsbA==",
          "dependencies": [
            "module.cloudfront.data.aws_iam_policy_document.lambda-edge-service-role",
            "module.waf.aws_wafv2_web_acl.default",
            "aws_acm_certificate.wordpress_site",
            "aws_acm_certificate_validation.wordpress_site",
            "aws_route53_record.wordpress_acm_validation"
          ]
        }
      ]
    },
    {
      "module": "module.cloudfront",
      "mode": "managed",
      "type": "aws_iam_role_policy",
      "name": "lambda-edge-cloudwatch-logs",
      "provider": "provider[\"registry.terraform.io/hashicorp/aws\"]",
      "instances": [
        {
          "schema_version": 0,
          "attributes": {
            "id": "raffaelesollecitowebsite-lambda-edge-service-role:raffaelesollecitowebsite-lambda-edge-cloudwatch-logs",
            "name": "raffaelesollecitowebsite-lambda-edge-cloudwatch-logs",
            "name_prefix": null,
            "policy": "{\n  \"Version\": \"2012-10-17\",\n  \"Statement\": [\n    {\n      \"Sid\": \"\",\n      \"Effect\": \"Allow\",\n      \"Action\": [\n        \"logs:PutLogEvents\",\n        \"logs:CreateLogStream\",\n        \"logs:CreateLogGroup\"\n      ],\n      \"Resource\": \"arn:aws:logs:*:*:*\"\n    }\n  ]\n}",
            "role": "raffaelesollecitowebsite-lambda-edge-service-role"
          },
          "sensitive_attributes": [],
          "private": "bnVsbA==",
          "dependencies": [
            "aws_route53_record.wordpress_acm_validation",
            "module.cloudfront.aws_iam_role.lambda-edge",
            "module.cloudfront.data.aws_iam_policy_document.lambda-edge-cloudwatch-logs",
            "module.cloudfront.data.aws_iam_policy_document.lambda-edge-service-role",
            "module.waf.aws_wafv2_web_acl.default",
            "aws_acm_certificate.wordpress_site",
            "aws_acm_certificate_validation.wordpress_site"
          ]
        }
      ]
    },
    {
      "module": "module.cloudfront",
      "mode": "managed",
      "type": "aws_iam_role_policy_attachment",
      "name": "basic",
      "provider": "provider[\"registry.terraform.io/hashicorp/aws\"]",
      "instances": [
        {
          "schema_version": 0,
          "attributes": {
            "id": "raffaelesollecitowebsite-lambda-edge-service-role-20220615125850228100000006",
            "policy_arn": "arn:aws:iam::aws:policy/service-role/AWSLambdaBasicExecutionRole",
            "role": "raffaelesollecitowebsite-lambda-edge-service-role"
          },
          "sensitive_attributes": [],
          "private": "bnVsbA==",
          "dependencies": [
            "aws_acm_certificate_validation.wordpress_site",
            "aws_route53_record.wordpress_acm_validation",
            "module.cloudfront.aws_iam_role.lambda-edge",
            "module.cloudfront.data.aws_iam_policy_document.lambda-edge-service-role",
            "module.waf.aws_wafv2_web_acl.default",
            "aws_acm_certificate.wordpress_site"
          ]
        }
      ]
    },
    {
      "module": "module.cloudfront",
      "mode": "managed",
      "type": "aws_lambda_function",
      "name": "object_redirect",
      "provider": "provider[\"registry.terraform.io/hashicorp/aws\"].ue1",
      "instances": [
        {
          "schema_version": 0,
          "attributes": {
            "architectures": [
              "x86_64"
            ],
            "arn": "arn:aws:lambda:us-east-1:480391725083:function:raffaelesollecitowebsite_redirect_index_html",
            "code_signing_config_arn": "",
            "dead_letter_config": [],
            "description": "",
            "environment": [],
            "file_system_config": [],
            "filename": "modules/cloudfront/lambda_redirect/dst/index_html.zip",
            "function_name": "raffaelesollecitowebsite_redirect_index_html",
            "handler": "index.handler",
            "id": "raffaelesollecitowebsite_redirect_index_html",
            "image_config": [],
            "image_uri": "",
            "invoke_arn": "arn:aws:apigateway:us-east-1:lambda:path/2015-03-31/functions/arn:aws:lambda:us-east-1:480391725083:function:raffaelesollecitowebsite_redirect_index_html/invocations",
            "kms_key_arn": "",
            "last_modified": "2022-06-15T12:58:59.714+0000",
            "layers": [],
            "memory_size": 128,
            "package_type": "Zip",
            "publish": true,
            "qualified_arn": "arn:aws:lambda:us-east-1:480391725083:function:raffaelesollecitowebsite_redirect_index_html:4",
            "reserved_concurrent_executions": -1,
            "role": "arn:aws:iam::480391725083:role/raffaelesollecitowebsite-lambda-edge-service-role",
            "runtime": "nodejs12.x",
            "s3_bucket": null,
            "s3_key": null,
            "s3_object_version": null,
            "signing_job_arn": "",
            "signing_profile_version_arn": "",
            "source_code_hash": "jaYQ8SWhvwPriB2hYccrNtBtoleT28asmBw+hHU2WZk=",
            "source_code_size": 744,
            "tags": {},
            "tags_all": {},
            "timeout": 3,
            "timeouts": null,
            "tracing_config": [
              {
                "mode": "PassThrough"
              }
            ],
            "version": "4",
            "vpc_config": []
          },
          "sensitive_attributes": [],
          "private": "eyJlMmJmYjczMC1lY2FhLTExZTYtOGY4OC0zNDM2M2JjN2M0YzAiOnsiY3JlYXRlIjo2MDAwMDAwMDAwMDB9fQ==",
          "dependencies": [
            "aws_acm_certificate.wordpress_site",
            "module.cloudfront.aws_cloudwatch_log_group.object_redirect_ue1_local",
            "module.cloudfront.data.archive_file.index_html",
            "module.cloudfront.aws_cloudwatch_log_group.object_redirect_ue1",
            "module.cloudfront.aws_iam_role.lambda-edge",
            "module.cloudfront.data.aws_iam_policy_document.lambda-edge-service-role",
            "module.waf.aws_wafv2_web_acl.default",
            "aws_acm_certificate_validation.wordpress_site",
            "aws_route53_record.wordpress_acm_validation",
            "module.cloudfront.aws_cloudwatch_log_group.object_redirect"
          ]
        }
      ]
    },
    {
      "module": "module.cloudfront",
      "mode": "managed",
      "type": "aws_s3_bucket",
      "name": "wordpress_bucket",
      "provider": "provider[\"registry.terraform.io/hashicorp/aws\"]",
      "instances": [
        {
          "schema_version": 0,
          "attributes": {
            "acceleration_status": "",
            "acl": "private",
            "arn": "arn:aws:s3:::www.raffaelesollecito.it",
            "bucket": "www.raffaelesollecito.it",
            "bucket_domain_name": "www.raffaelesollecito.it.s3.amazonaws.com",
            "bucket_prefix": null,
            "bucket_regional_domain_name": "www.raffaelesollecito.it.s3.eu-west-1.amazonaws.com",
            "cors_rule": [],
            "force_destroy": true,
            "grant": [],
            "hosted_zone_id": "Z1BKCTXD74EZPE",
            "id": "www.raffaelesollecito.it",
            "lifecycle_rule": [],
            "logging": [],
            "object_lock_configuration": [],
            "object_lock_enabled": false,
            "policy": null,
            "region": "eu-west-1",
            "replication_configuration": [],
            "request_payer": "BucketOwner",
            "server_side_encryption_configuration": [
              {
                "rule": [
                  {
                    "apply_server_side_encryption_by_default": [
                      {
                        "kms_master_key_id": "",
                        "sse_algorithm": "AES256"
                      }
                    ],
                    "bucket_key_enabled": false
                  }
                ]
              }
            ],
            "tags": {},
            "tags_all": {},
            "versioning": [
              {
                "enabled": false,
                "mfa_delete": false
              }
            ],
            "website": [],
            "website_domain": null,
            "website_endpoint": null
          },
          "sensitive_attributes": [],
          "private": "bnVsbA==",
          "dependencies": [
            "aws_acm_certificate.wordpress_site",
            "aws_acm_certificate_validation.wordpress_site",
            "aws_route53_record.wordpress_acm_validation",
            "module.waf.aws_wafv2_web_acl.default"
          ]
        }
      ]
    },
    {
      "module": "module.cloudfront",
      "mode": "managed",
      "type": "aws_s3_bucket_policy",
      "name": "wordpress_bucket",
      "provider": "provider[\"registry.terraform.io/hashicorp/aws\"]",
      "instances": [
        {
          "schema_version": 0,
          "attributes": {
            "bucket": "www.raffaelesollecito.it",
            "id": "www.raffaelesollecito.it",
            "policy": "{\"Id\":\"PolicyForCloudFrontPrivateContent\",\"Statement\":[{\"Action\":\"s3:GetObject\",\"Effect\":\"Allow\",\"Principal\":{\"AWS\":\"arn:aws:iam::cloudfront:user/CloudFront Origin Access Identity E3EYP3XXSPN25U\"},\"Resource\":\"arn:aws:s3:::www.raffaelesollecito.it/*\",\"Sid\":\"1\"}],\"Version\":\"2008-10-17\"}"
          },
          "sensitive_attributes": [],
          "private": "bnVsbA==",
          "dependencies": [
            "aws_acm_certificate.wordpress_site",
            "aws_acm_certificate_validation.wordpress_site",
            "aws_route53_record.wordpress_acm_validation",
            "module.cloudfront.aws_cloudfront_origin_access_identity.wordpress_distribution",
            "module.cloudfront.aws_s3_bucket.wordpress_bucket",
            "module.waf.aws_wafv2_web_acl.default"
          ]
        }
      ]
    },
    {
      "module": "module.cloudfront",
      "mode": "managed",
      "type": "aws_s3_bucket_public_access_block",
      "name": "wordpress_bucket",
      "provider": "provider[\"registry.terraform.io/hashicorp/aws\"]",
      "instances": [
        {
          "schema_version": 0,
          "attributes": {
            "block_public_acls": true,
            "block_public_policy": true,
            "bucket": "www.raffaelesollecito.it",
            "id": "www.raffaelesollecito.it",
            "ignore_public_acls": true,
            "restrict_public_buckets": true
          },
          "sensitive_attributes": [],
          "private": "bnVsbA==",
          "dependencies": [
            "aws_acm_certificate.wordpress_site",
            "aws_acm_certificate_validation.wordpress_site",
            "aws_route53_record.wordpress_acm_validation",
            "module.cloudfront.aws_s3_bucket.wordpress_bucket",
            "module.waf.aws_wafv2_web_acl.default"
          ]
        }
      ]
    },
    {
      "module": "module.codebuild",
      "mode": "data",
      "type": "archive_file",
      "name": "code_build_package",
      "provider": "provider[\"registry.terraform.io/hashicorp/archive\"]",
      "instances": [
        {
          "schema_version": 0,
          "attributes": {
            "excludes": [
              "wordpress_docker.zip"
            ],
            "id": "7b9c73bc7fd76a124c911ecc0c6d42c3486dd66c",
            "output_base64sha256": "UO82xlOXuDX3GuLB+IJlk0TYOnTSad5fEq35295r2YY=",
            "output_file_mode": null,
            "output_md5": "5a8bda34899097316fd956643fcc340d",
            "output_path": "modules/codebuild/codebuild_files/wordpress_docker.zip",
            "output_sha": "7b9c73bc7fd76a124c911ecc0c6d42c3486dd66c",
            "output_size": 3990133,
            "source": [],
            "source_content": null,
            "source_content_filename": null,
            "source_dir": "modules/codebuild/codebuild_files/",
            "source_file": null,
            "type": "zip"
          },
          "sensitive_attributes": []
        }
      ]
    },
    {
      "module": "module.codebuild",
      "mode": "data",
      "type": "aws_iam_policy_document",
      "name": "codebuild_assume_role_policy",
      "provider": "provider[\"registry.terraform.io/hashicorp/aws\"]",
      "instances": [
        {
          "schema_version": 0,
          "attributes": {
            "id": "442947395",
            "json": "{\n  \"Version\": \"2012-10-17\",\n  \"Statement\": [\n    {\n      \"Sid\": \"\",\n      \"Effect\": \"Allow\",\n      \"Action\": \"sts:AssumeRole\",\n      \"Principal\": {\n        \"Service\": \"codebuild.amazonaws.com\"\n      }\n    }\n  ]\n}",
            "override_json": null,
            "override_policy_documents": null,
            "policy_id": null,
            "source_json": null,
            "source_policy_documents": null,
            "statement": [
              {
                "actions": [
                  "sts:AssumeRole"
                ],
                "condition": [],
                "effect": "Allow",
                "not_actions": [],
                "not_principals": [],
                "not_resources": [],
                "principals": [
                  {
                    "identifiers": [
                      "codebuild.amazonaws.com"
                    ],
                    "type": "Service"
                  }
                ],
                "resources": [],
                "sid": ""
              }
            ],
            "version": "2012-10-17"
          },
          "sensitive_attributes": []
        }
      ]
    },
    {
      "module": "module.codebuild",
      "mode": "data",
      "type": "aws_region",
      "name": "current",
      "provider": "provider[\"registry.terraform.io/hashicorp/aws\"]",
      "instances": [
        {
          "schema_version": 0,
          "attributes": {
            "description": "Europe (Ireland)",
            "endpoint": "ec2.eu-west-1.amazonaws.com",
            "id": "eu-west-1",
            "name": "eu-west-1"
          },
          "sensitive_attributes": []
        }
      ]
    },
    {
      "module": "module.codebuild",
      "mode": "managed",
      "type": "aws_cloudwatch_log_group",
      "name": "wordpress_docker_build",
      "provider": "provider[\"registry.terraform.io/hashicorp/aws\"]",
      "instances": [
        {
          "schema_version": 0,
          "attributes": {
            "arn": "arn:aws:logs:eu-west-1:480391725083:log-group:/aws/codebuild/raffaelesollecitowebsite-serverless-wordpress-docker-build",
            "id": "/aws/codebuild/raffaelesollecitowebsite-serverless-wordpress-docker-build",
            "kms_key_id": "",
            "name": "/aws/codebuild/raffaelesollecitowebsite-serverless-wordpress-docker-build",
            "name_prefix": null,
            "retention_in_days": 7,
            "tags": {},
            "tags_all": {}
          },
          "sensitive_attributes": [],
          "private": "bnVsbA=="
        }
      ]
    },
    {
      "module": "module.codebuild",
      "mode": "managed",
      "type": "aws_codebuild_project",
      "name": "wordpress_docker_build",
      "provider": "provider[\"registry.terraform.io/hashicorp/aws\"]",
      "instances": [
        {
          "schema_version": 0,
          "attributes": {
            "arn": "arn:aws:codebuild:eu-west-1:480391725083:project/raffaelesollecitowebsite-serverless-wordpress-docker-build",
            "artifacts": [
              {
                "artifact_identifier": "",
                "bucket_owner_access": "",
                "encryption_disabled": false,
                "location": "",
                "name": "",
                "namespace_type": "",
                "override_artifact_name": false,
                "packaging": "",
                "path": "",
                "type": "NO_ARTIFACTS"
              }
            ],
            "badge_enabled": false,
            "badge_url": "",
            "build_batch_config": [],
            "build_timeout": 5,
            "cache": [
              {
                "location": "raffaelesollecitowebsite-build",
                "modes": [],
                "type": "S3"
              }
            ],
            "concurrent_build_limit": 0,
            "description": "Builds an image of wordpress in docker",
            "encryption_key": "arn:aws:kms:eu-west-1:480391725083:alias/aws/s3",
            "environment": [
              {
                "certificate": "",
                "compute_type": "BUILD_GENERAL1_SMALL",
                "environment_variable": [
                  {
                    "name": "AWS_DEFAULT_REGION",
                    "type": "PLAINTEXT",
                    "value": "eu-west-1"
                  },
                  {
                    "name": "AWS_ACCOUNT_ID",
                    "type": "PLAINTEXT",
                    "value": "480391725083"
                  },
                  {
                    "name": "IMAGE_REPO_NAME",
                    "type": "PLAINTEXT",
                    "value": "raffaelesollecitowebsite-serverless-wordpress"
                  },
                  {
                    "name": "IMAGE_TAG",
                    "type": "PLAINTEXT",
                    "value": "latest"
                  }
                ],
                "image": "aws/codebuild/standard:4.0",
                "image_pull_credentials_type": "CODEBUILD",
                "privileged_mode": true,
                "registry_credential": [],
                "type": "LINUX_CONTAINER"
              }
            ],
            "file_system_locations": [],
            "id": "arn:aws:codebuild:eu-west-1:480391725083:project/raffaelesollecitowebsite-serverless-wordpress-docker-build",
            "logs_config": [
              {
                "cloudwatch_logs": [
                  {
                    "group_name": "/aws/codebuild/raffaelesollecitowebsite-serverless-wordpress-docker-build",
                    "status": "ENABLED",
                    "stream_name": ""
                  }
                ],
                "s3_logs": [
                  {
                    "bucket_owner_access": "",
                    "encryption_disabled": false,
                    "location": "",
                    "status": "DISABLED"
                  }
                ]
              }
            ],
            "name": "raffaelesollecitowebsite-serverless-wordpress-docker-build",
            "project_visibility": "PRIVATE",
            "public_project_alias": "",
            "queued_timeout": 480,
            "resource_access_role": "",
            "secondary_artifacts": [],
            "secondary_source_version": [],
            "secondary_sources": [],
            "service_role": "arn:aws:iam::480391725083:role/raffaelesollecitowebsite_CodeBuildServiceRole",
            "source": [
              {
                "auth": [],
                "build_status_config": [],
                "buildspec": "",
                "git_clone_depth": 0,
                "git_submodules_config": [],
                "insecure_ssl": false,
                "location": "raffaelesollecitowebsite-build/wordpress_docker.zip",
                "report_build_status": false,
                "type": "S3"
              }
            ],
            "source_version": "",
            "tags": {},
            "tags_all": {},
            "vpc_config": []
          },
          "sensitive_attributes": [],
          "private": "bnVsbA==",
          "dependencies": [
            "module.codebuild.aws_cloudwatch_log_group.wordpress_docker_build",
            "module.codebuild.aws_s3_bucket_object.wordpress_dockerbuild",
            "module.codebuild.data.aws_iam_policy_document.codebuild_assume_role_policy",
            "module.codebuild.data.aws_region.current",
            "module.codebuild.local_file.php_ini",
            "aws_ecr_repository.serverless_wordpress",
            "module.codebuild.aws_s3_bucket.code_source",
            "module.codebuild.data.archive_file.code_build_package",
            "module.codebuild.aws_iam_role.codebuild_service_role"
          ]
        }
      ]
    },
    {
      "module": "module.codebuild",
      "mode": "managed",
      "type": "aws_iam_role",
      "name": "codebuild_service_role",
      "provider": "provider[\"registry.terraform.io/hashicorp/aws\"]",
      "instances": [
        {
          "schema_version": 0,
          "attributes": {
            "arn": "arn:aws:iam::480391725083:role/raffaelesollecitowebsite_CodeBuildServiceRole",
            "assume_role_policy": "{\"Version\":\"2012-10-17\",\"Statement\":[{\"Sid\":\"\",\"Effect\":\"Allow\",\"Principal\":{\"Service\":\"codebuild.amazonaws.com\"},\"Action\":\"sts:AssumeRole\"}]}",
            "create_date": "2022-06-15T12:57:49Z",
            "description": "",
            "force_detach_policies": false,
            "id": "raffaelesollecitowebsite_CodeBuildServiceRole",
            "inline_policy": [
              {
                "name": "",
                "policy": ""
              }
            ],
            "managed_policy_arns": [
              "arn:aws:iam::aws:policy/PowerUserAccess"
            ],
            "max_session_duration": 3600,
            "name": "raffaelesollecitowebsite_CodeBuildServiceRole",
            "name_prefix": "",
            "path": "/",
            "permissions_boundary": null,
            "tags": {},
            "tags_all": {},
            "unique_id": "AROAW7WMUAANR2WGNAGSH"
          },
          "sensitive_attributes": [],
          "private": "bnVsbA==",
          "dependencies": [
            "module.codebuild.data.aws_iam_policy_document.codebuild_assume_role_policy"
          ]
        }
      ]
    },
    {
      "module": "module.codebuild",
      "mode": "managed",
      "type": "aws_iam_role_policy_attachment",
      "name": "codebuild_role_attachment",
      "provider": "provider[\"registry.terraform.io/hashicorp/aws\"]",
      "instances": [
        {
          "schema_version": 0,
          "attributes": {
            "id": "raffaelesollecitowebsite_CodeBuildServiceRole-20220615125752746200000004",
            "policy_arn": "arn:aws:iam::aws:policy/PowerUserAccess",
            "role": "raffaelesollecitowebsite_CodeBuildServiceRole"
          },
          "sensitive_attributes": [],
          "private": "bnVsbA==",
          "dependencies": [
            "module.codebuild.data.aws_iam_policy_document.codebuild_assume_role_policy",
            "module.codebuild.aws_iam_role.codebuild_service_role"
          ]
        }
      ]
    },
    {
      "module": "module.codebuild",
      "mode": "managed",
      "type": "aws_s3_bucket",
      "name": "code_source",
      "provider": "provider[\"registry.terraform.io/hashicorp/aws\"]",
      "instances": [
        {
          "schema_version": 0,
          "attributes": {
            "acceleration_status": "",
            "acl": "private",
            "arn": "arn:aws:s3:::raffaelesollecitowebsite-build",
            "bucket": "raffaelesollecitowebsite-build",
            "bucket_domain_name": "raffaelesollecitowebsite-build.s3.amazonaws.com",
            "bucket_prefix": null,
            "bucket_regional_domain_name": "raffaelesollecitowebsite-build.s3.eu-west-1.amazonaws.com",
            "cors_rule": [],
            "force_destroy": true,
            "grant": [],
            "hosted_zone_id": "Z1BKCTXD74EZPE",
            "id": "raffaelesollecitowebsite-build",
            "lifecycle_rule": [],
            "logging": [],
            "object_lock_configuration": [],
            "object_lock_enabled": false,
            "policy": null,
            "region": "eu-west-1",
            "replication_configuration": [],
            "request_payer": "BucketOwner",
            "server_side_encryption_configuration": [
              {
                "rule": [
                  {
                    "apply_server_side_encryption_by_default": [
                      {
                        "kms_master_key_id": "",
                        "sse_algorithm": "AES256"
                      }
                    ],
                    "bucket_key_enabled": false
                  }
                ]
              }
            ],
            "tags": {},
            "tags_all": {},
            "versioning": [
              {
                "enabled": false,
                "mfa_delete": false
              }
            ],
            "website": [],
            "website_domain": null,
            "website_endpoint": null
          },
          "sensitive_attributes": [],
          "private": "bnVsbA=="
        }
      ]
    },
    {
      "module": "module.codebuild",
      "mode": "managed",
      "type": "aws_s3_bucket_object",
      "name": "wordpress_dockerbuild",
      "provider": "provider[\"registry.terraform.io/hashicorp/aws\"]",
      "instances": [
        {
          "schema_version": 0,
          "attributes": {
            "acl": "private",
            "bucket": "raffaelesollecitowebsite-build",
            "bucket_key_enabled": false,
            "cache_control": "",
            "content": null,
            "content_base64": null,
            "content_disposition": "",
            "content_encoding": "",
            "content_language": "",
            "content_type": "binary/octet-stream",
            "etag": "5a8bda34899097316fd956643fcc340d",
            "force_destroy": false,
            "id": "wordpress_docker.zip",
            "key": "wordpress_docker.zip",
            "kms_key_id": null,
            "metadata": {},
            "object_lock_legal_hold_status": "",
            "object_lock_mode": "",
            "object_lock_retain_until_date": "",
            "server_side_encryption": "AES256",
            "source": "modules/codebuild/codebuild_files/wordpress_docker.zip",
            "source_hash": null,
            "storage_class": "STANDARD",
            "tags": {},
            "tags_all": {},
            "version_id": "",
            "website_redirect": ""
          },
          "sensitive_attributes": [],
          "private": "bnVsbA==",
          "dependencies": [
            "module.codebuild.local_file.php_ini",
            "module.codebuild.aws_s3_bucket.code_source",
            "module.codebuild.data.archive_file.code_build_package"
          ]
        }
      ]
    },
    {
      "module": "module.codebuild",
      "mode": "managed",
      "type": "aws_s3_bucket_public_access_block",
      "name": "code_source",
      "provider": "provider[\"registry.terraform.io/hashicorp/aws\"]",
      "instances": [
        {
          "schema_version": 0,
          "attributes": {
            "block_public_acls": true,
            "block_public_policy": true,
            "bucket": "raffaelesollecitowebsite-build",
            "id": "raffaelesollecitowebsite-build",
            "ignore_public_acls": true,
            "restrict_public_buckets": true
          },
          "sensitive_attributes": [],
          "private": "bnVsbA==",
          "dependencies": [
            "module.codebuild.aws_s3_bucket.code_source"
          ]
        }
      ]
    },
    {
      "module": "module.codebuild",
      "mode": "managed",
      "type": "aws_security_group",
      "name": "codebuild_security_group",
      "provider": "provider[\"registry.terraform.io/hashicorp/aws\"]",
      "instances": [
        {
          "schema_version": 1,
          "attributes": {
            "arn": "arn:aws:ec2:eu-west-1:480391725083:security-group/sg-032e400e49d107e84",
            "description": "security group for codebuild",
            "egress": [
              {
                "cidr_blocks": [
                  "0.0.0.0/0"
                ],
                "description": "",
                "from_port": 0,
                "ipv6_cidr_blocks": [],
                "prefix_list_ids": [],
                "protocol": "-1",
                "security_groups": [],
                "self": false,
                "to_port": 0
              }
            ],
            "id": "sg-032e400e49d107e84",
            "ingress": [],
            "name": "raffaelesollecitowebsite_codebuild_sg",
            "name_prefix": "",
            "owner_id": "480391725083",
            "revoke_rules_on_delete": false,
            "tags": {},
            "tags_all": {},
            "timeouts": null,
            "vpc_id": "vpc-0d505e22c17c75197"
          },
          "sensitive_attributes": [],
          "private": "eyJlMmJmYjczMC1lY2FhLTExZTYtOGY4OC0zNDM2M2JjN2M0YzAiOnsiY3JlYXRlIjo2MDAwMDAwMDAwMDAsImRlbGV0ZSI6OTAwMDAwMDAwMDAwfSwic2NoZW1hX3ZlcnNpb24iOiIxIn0="
        }
      ]
    },
    {
      "module": "module.codebuild",
      "mode": "managed",
      "type": "local_file",
      "name": "php_ini",
      "provider": "provider[\"registry.terraform.io/hashicorp/local\"]",
      "instances": [
        {
          "schema_version": 0,
          "attributes": {
            "content": "upload_max_filesize=64M\npost_max_size=64M\nmax_execution_time=0\nmax_input_vars=2000\nmemory_limit=512M\n",
            "content_base64": null,
            "directory_permission": "0777",
            "file_permission": "0777",
            "filename": "modules/codebuild/codebuild_files/php.ini",
            "id": "628b4e336e23faa01e7c64f3ce792aae14d58e04",
            "sensitive_content": null,
            "source": null
          },
          "sensitive_attributes": [],
          "private": "bnVsbA=="
        }
      ]
    }
  ]
}
